
Microsoft Visual Studio Solution File, Format Version 12.00
# Visual Studio 14
VisualStudioVersion = 14.0.25420.1
MinimumVisualStudioVersion = 10.0.40219.1
Project("{FAE04EC0-301F-11D3-BF4B-00C04F79EFBC}") = "RecurringAccountTransfer.Api", "RecurringAccountTransfer.Api\RecurringAccountTransfer.Api.csproj", "{8E86744B-41CE-4FF7-BD37-7EEFE60BFA71}"
EndProject
Project("{FAE04EC0-301F-11D3-BF4B-00C04F79EFBC}") = "RecurringAccountTransfer.Core", "RecurringAccountTransfer.Core\RecurringAccountTransfer.Core.csproj", "{69C25211-59A3-4529-BACA-2415E33555B0}"
EndProject
Project("{FAE04EC0-301F-11D3-BF4B-00C04F79EFBC}") = "RecurringAccountTransfer.WindowService", "RecurringAccountTransfer.WindowService\RecurringAccountTransfer.WindowService.csproj", "{A765EC27-7AF3-4AF8-AB26-3CBFA2EB3799}"
EndProject
Global
	GlobalSection(SolutionConfigurationPlatforms) = preSolution
		Debug|Any CPU = Debug|Any CPU
		Release|Any CPU = Release|Any CPU
	EndGlobalSection
	GlobalSection(ProjectConfigurationPlatforms) = postSolution
		{8E86744B-41CE-4FF7-BD37-7EEFE60BFA71}.Debug|Any CPU.ActiveCfg = Debug|Any CPU
		{8E86744B-41CE-4FF7-BD37-7EEFE60BFA71}.Debug|Any CPU.Build.0 = Debug|Any CPU
		{8E86744B-41CE-4FF7-BD37-7EEFE60BFA71}.Release|Any CPU.ActiveCfg = Release|Any CPU
		{8E86744B-41CE-4FF7-BD37-7EEFE60BFA71}.Release|Any CPU.Build.0 = Release|Any CPU
		{69C25211-59A3-4529-BACA-2415E33555B0}.Debug|Any CPU.ActiveCfg = Debug|Any CPU
		{69C25211-59A3-4529-BACA-2415E33555B0}.Debug|Any CPU.Build.0 = Debug|Any CPU
		{69C25211-59A3-4529-BACA-2415E33555B0}.Release|Any CPU.ActiveCfg = Release|Any CPU
		{69C25211-59A3-4529-BACA-2415E33555B0}.Release|Any CPU.Build.0 = Release|Any CPU
		{A765EC27-7AF3-4AF8-AB26-3CBFA2EB3799}.Debug|Any CPU.ActiveCfg = Debug|Any CPU
		{A765EC27-7AF3-4AF8-AB26-3CBFA2EB3799}.Debug|Any CPU.Build.0 = Debug|Any CPU
		{A765EC27-7AF3-4AF8-AB26-3CBFA2EB3799}.Release|Any CPU.ActiveCfg = Release|Any CPU
		{A765EC27-7AF3-4AF8-AB26-3CBFA2EB3799}.Release|Any CPU.Build.0 = Release|Any CPU
	EndGlobalSection
	GlobalSection(SolutionProperties) = preSolution
		HideSolutionNode = FALSE
	EndGlobalSection
EndGlobal
